
Microsoft Visual Studio Solution File, Format Version 12.00
# Visual Studio Version 17
VisualStudioVersion = 17.0.31912.275
MinimumVisualStudioVersion = 10.0.40219.1
Project("{9A19103F-16F7-4668-BE54-9A1E7A4F7556}") = "RDR2DeathScreen", "RDR2DeathScreen\RDR2DeathScreen.csproj", "{789806CC-4DFD-42C8-9787-895505F01AE8}"
EndProject
Global
	GlobalSection(SolutionConfigurationPlatforms) = preSolution
		Debug|Any CPU = Debug|Any CPU
		Release|Any CPU = Release|Any CPU
	EndGlobalSection
	GlobalSection(ProjectConfigurationPlatforms) = postSolution
		{789806CC-4DFD-42C8-9787-895505F01AE8}.Debug|Any CPU.ActiveCfg = Debug|Any CPU
		{789806CC-4DFD-42C8-9787-895505F01AE8}.Debug|Any CPU.Build.0 = Debug|Any CPU
		{789806CC-4DFD-42C8-9787-895505F01AE8}.Release|Any CPU.ActiveCfg = Release|Any CPU
		{789806CC-4DFD-42C8-9787-895505F01AE8}.Release|Any CPU.Build.0 = Release|Any CPU
	EndGlobalSection
	GlobalSection(SolutionProperties) = preSolution
		HideSolutionNode = FALSE
	EndGlobalSection
	GlobalSection(ExtensibilityGlobals) = postSolution
		SolutionGuid = {B34F274C-74ED-4470-A6CE-687F42EA18D8}
	EndGlobalSection
EndGlobal
