
Microsoft Visual Studio Solution File, Format Version 12.00
# Visual Studio Version 17
VisualStudioVersion = 17.0.31912.275
MinimumVisualStudioVersion = 10.0.40219.1
Project("{FAE04EC0-301F-11D3-BF4B-00C04F79EFBC}") = "RDR2DeathScreen", "RDR2DeathScreen\RDR2DeathScreen.csproj", "{603F19F3-7410-495E-BD85-0873037D2955}"
EndProject
Global
	GlobalSection(SolutionConfigurationPlatforms) = preSolution
		Debug|Any CPU = Debug|Any CPU
		Release|Any CPU = Release|Any CPU
	EndGlobalSection
	GlobalSection(ProjectConfigurationPlatforms) = postSolution
		{603F19F3-7410-495E-BD85-0873037D2955}.Debug|Any CPU.ActiveCfg = Debug|Any CPU
		{603F19F3-7410-495E-BD85-0873037D2955}.Debug|Any CPU.Build.0 = Debug|Any CPU
		{603F19F3-7410-495E-BD85-0873037D2955}.Release|Any CPU.ActiveCfg = Release|Any CPU
		{603F19F3-7410-495E-BD85-0873037D2955}.Release|Any CPU.Build.0 = Release|Any CPU
	EndGlobalSection
	GlobalSection(SolutionProperties) = preSolution
		HideSolutionNode = FALSE
	EndGlobalSection
	GlobalSection(ExtensibilityGlobals) = postSolution
		SolutionGuid = {B34F274C-74ED-4470-A6CE-687F42EA18D8}
	EndGlobalSection
EndGlobal
